
Microsoft Visual Studio Solution File, Format Version 12.00
# Visual Studio Version 17
VisualStudioVersion = 17.8.34309.116
MinimumVisualStudioVersion = 10.0.40219.1
Project("{FAE04EC0-301F-11D3-BF4B-00C04F79EFBC}") = "JobFinder", "JobFinder\JobFinder.csproj", "{43ECFA45-2528-4E01-8CD6-99820896AA01}"
EndProject
Global
	GlobalSection(SolutionConfigurationPlatforms) = preSolution
		Debug|Any CPU = Debug|Any CPU
		Release|Any CPU = Release|Any CPU
	EndGlobalSection
	GlobalSection(ProjectConfigurationPlatforms) = postSolution
		{43ECFA45-2528-4E01-8CD6-99820896AA01}.Debug|Any CPU.ActiveCfg = Debug|Any CPU
		{43ECFA45-2528-4E01-8CD6-99820896AA01}.Debug|Any CPU.Build.0 = Debug|Any CPU
		{43ECFA45-2528-4E01-8CD6-99820896AA01}.Release|Any CPU.ActiveCfg = Release|Any CPU
		{43ECFA45-2528-4E01-8CD6-99820896AA01}.Release|Any CPU.Build.0 = Release|Any CPU
	EndGlobalSection
	GlobalSection(SolutionProperties) = preSolution
		HideSolutionNode = FALSE
	EndGlobalSection
	GlobalSection(ExtensibilityGlobals) = postSolution
		SolutionGuid = {01475D6D-2F6E-4ACC-99EA-6DE20CE28371}
	EndGlobalSection
EndGlobal
